
Microsoft Visual Studio Solution File, Format Version 12.00
# Visual Studio Version 16
VisualStudioVersion = 16.0.30406.217
MinimumVisualStudioVersion = 10.0.40219.1
Project("{FAE04EC0-301F-11D3-BF4B-00C04F79EFBC}") = "simple-file-manager", "simple-file-manager\simple-file-manager.csproj", "{88B13EEC-47AC-4E24-A035-29A994D89DBA}"
EndProject
Global
	GlobalSection(SolutionConfigurationPlatforms) = preSolution
		Debug|Any CPU = Debug|Any CPU
		Release|Any CPU = Release|Any CPU
	EndGlobalSection
	GlobalSection(ProjectConfigurationPlatforms) = postSolution
		{88B13EEC-47AC-4E24-A035-29A994D89DBA}.Debug|Any CPU.ActiveCfg = Debug|Any CPU
		{88B13EEC-47AC-4E24-A035-29A994D89DBA}.Debug|Any CPU.Build.0 = Debug|Any CPU
		{88B13EEC-47AC-4E24-A035-29A994D89DBA}.Release|Any CPU.ActiveCfg = Release|Any CPU
		{88B13EEC-47AC-4E24-A035-29A994D89DBA}.Release|Any CPU.Build.0 = Release|Any CPU
	EndGlobalSection
	GlobalSection(SolutionProperties) = preSolution
		HideSolutionNode = FALSE
	EndGlobalSection
	GlobalSection(ExtensibilityGlobals) = postSolution
		SolutionGuid = {7C3D70C8-8515-47A7-A145-F379A246610A}
	EndGlobalSection
EndGlobal
